
Microsoft Visual Studio Solution File, Format Version 12.00
# Visual Studio Version 17
VisualStudioVersion = 17.0.31903.59
MinimumVisualStudioVersion = 10.0.40219.1
Project("{9A19103F-16F7-4668-BE54-9A1E7A4F7556}") = "INEED.MVC", "INEED.MVC\INEED.MVC.csproj", "{FD0C8A0F-1E93-4EE4-B827-0C6C9EFBBD76}"
EndProject
Project("{9A19103F-16F7-4668-BE54-9A1E7A4F7556}") = "INEED.Services", "INEED.Services\INEED.Services.csproj", "{4F7D0DA7-FC7A-4A1B-BEF6-D8D58D9555CE}"
EndProject
Project("{9A19103F-16F7-4668-BE54-9A1E7A4F7556}") = "INEED.Data", "INEED.Data\INEED.Data.csproj", "{487423CD-5138-4102-AC3C-E962BE10EA15}"
EndProject
Project("{9A19103F-16F7-4668-BE54-9A1E7A4F7556}") = "INEED.Common", "INEED.Common\INEED.Common.csproj", "{1A7B9242-8A75-41B2-87E2-927795A560CD}"
EndProject
Project("{FAE04EC0-301F-11D3-BF4B-00C04F79EFBC}") = "INEED.API", "INEED.API\INEED.API.csproj", "{D2AF9EB4-C475-473C-87DB-CB6BD03C2045}"
EndProject
Global
	GlobalSection(SolutionConfigurationPlatforms) = preSolution
		Debug|Any CPU = Debug|Any CPU
		Release|Any CPU = Release|Any CPU
	EndGlobalSection
	GlobalSection(ProjectConfigurationPlatforms) = postSolution
		{FD0C8A0F-1E93-4EE4-B827-0C6C9EFBBD76}.Debug|Any CPU.ActiveCfg = Debug|Any CPU
		{FD0C8A0F-1E93-4EE4-B827-0C6C9EFBBD76}.Debug|Any CPU.Build.0 = Debug|Any CPU
		{FD0C8A0F-1E93-4EE4-B827-0C6C9EFBBD76}.Release|Any CPU.ActiveCfg = Release|Any CPU
		{FD0C8A0F-1E93-4EE4-B827-0C6C9EFBBD76}.Release|Any CPU.Build.0 = Release|Any CPU
		{4F7D0DA7-FC7A-4A1B-BEF6-D8D58D9555CE}.Debug|Any CPU.ActiveCfg = Debug|Any CPU
		{4F7D0DA7-FC7A-4A1B-BEF6-D8D58D9555CE}.Debug|Any CPU.Build.0 = Debug|Any CPU
		{4F7D0DA7-FC7A-4A1B-BEF6-D8D58D9555CE}.Release|Any CPU.ActiveCfg = Release|Any CPU
		{4F7D0DA7-FC7A-4A1B-BEF6-D8D58D9555CE}.Release|Any CPU.Build.0 = Release|Any CPU
		{487423CD-5138-4102-AC3C-E962BE10EA15}.Debug|Any CPU.ActiveCfg = Debug|Any CPU
		{487423CD-5138-4102-AC3C-E962BE10EA15}.Debug|Any CPU.Build.0 = Debug|Any CPU
		{487423CD-5138-4102-AC3C-E962BE10EA15}.Release|Any CPU.ActiveCfg = Release|Any CPU
		{487423CD-5138-4102-AC3C-E962BE10EA15}.Release|Any CPU.Build.0 = Release|Any CPU
		{1A7B9242-8A75-41B2-87E2-927795A560CD}.Debug|Any CPU.ActiveCfg = Debug|Any CPU
		{1A7B9242-8A75-41B2-87E2-927795A560CD}.Debug|Any CPU.Build.0 = Debug|Any CPU
		{1A7B9242-8A75-41B2-87E2-927795A560CD}.Release|Any CPU.ActiveCfg = Release|Any CPU
		{1A7B9242-8A75-41B2-87E2-927795A560CD}.Release|Any CPU.Build.0 = Release|Any CPU
		{D2AF9EB4-C475-473C-87DB-CB6BD03C2045}.Debug|Any CPU.ActiveCfg = Debug|Any CPU
		{D2AF9EB4-C475-473C-87DB-CB6BD03C2045}.Debug|Any CPU.Build.0 = Debug|Any CPU
		{D2AF9EB4-C475-473C-87DB-CB6BD03C2045}.Release|Any CPU.ActiveCfg = Release|Any CPU
		{D2AF9EB4-C475-473C-87DB-CB6BD03C2045}.Release|Any CPU.Build.0 = Release|Any CPU
	EndGlobalSection
	GlobalSection(SolutionProperties) = preSolution
		HideSolutionNode = FALSE
	EndGlobalSection
	GlobalSection(ExtensibilityGlobals) = postSolution
		SolutionGuid = {B3E7A81F-8FFE-4B7E-B482-C8F5B4DB0196}
	EndGlobalSection
EndGlobal
